
Microsoft Visual Studio Solution File, Format Version 12.00
# Visual Studio 15
VisualStudioVersion = 15.0.27130.2024
MinimumVisualStudioVersion = 10.0.40219.1
Project("{FAE04EC0-301F-11D3-BF4B-00C04F79EFBC}") = "angularwithmvc", "angularwithmvc\angularwithmvc.csproj", "{8AB4D95C-0009-4F45-9195-23EF2EC8122C}"
EndProject
Global
	GlobalSection(SolutionConfigurationPlatforms) = preSolution
		Debug|Any CPU = Debug|Any CPU
		Release|Any CPU = Release|Any CPU
	EndGlobalSection
	GlobalSection(ProjectConfigurationPlatforms) = postSolution
		{8AB4D95C-0009-4F45-9195-23EF2EC8122C}.Debug|Any CPU.ActiveCfg = Debug|Any CPU
		{8AB4D95C-0009-4F45-9195-23EF2EC8122C}.Debug|Any CPU.Build.0 = Debug|Any CPU
		{8AB4D95C-0009-4F45-9195-23EF2EC8122C}.Release|Any CPU.ActiveCfg = Release|Any CPU
		{8AB4D95C-0009-4F45-9195-23EF2EC8122C}.Release|Any CPU.Build.0 = Release|Any CPU
	EndGlobalSection
	GlobalSection(SolutionProperties) = preSolution
		HideSolutionNode = FALSE
	EndGlobalSection
	GlobalSection(ExtensibilityGlobals) = postSolution
		SolutionGuid = {3B78D813-F5BD-4409-A0F3-5B210AB18951}
	EndGlobalSection
EndGlobal
